
Microsoft Visual Studio Solution File, Format Version 12.00
# Visual Studio 15
VisualStudioVersion = 15.0.28010.2048
MinimumVisualStudioVersion = 10.0.40219.1
Project("{FAE04EC0-301F-11D3-BF4B-00C04F79EFBC}") = "QuanLyKho", "QuanLyKho\QuanLyKho.csproj", "{AC6C5591-7AFC-4621-A3E8-8C37736E4283}"
EndProject
Global
	GlobalSection(SolutionConfigurationPlatforms) = preSolution
		Debug|Any CPU = Debug|Any CPU
		Release|Any CPU = Release|Any CPU
	EndGlobalSection
	GlobalSection(ProjectConfigurationPlatforms) = postSolution
		{AC6C5591-7AFC-4621-A3E8-8C37736E4283}.Debug|Any CPU.ActiveCfg = Debug|Any CPU
		{AC6C5591-7AFC-4621-A3E8-8C37736E4283}.Debug|Any CPU.Build.0 = Debug|Any CPU
		{AC6C5591-7AFC-4621-A3E8-8C37736E4283}.Release|Any CPU.ActiveCfg = Release|Any CPU
		{AC6C5591-7AFC-4621-A3E8-8C37736E4283}.Release|Any CPU.Build.0 = Release|Any CPU
	EndGlobalSection
	GlobalSection(SolutionProperties) = preSolution
		HideSolutionNode = FALSE
	EndGlobalSection
	GlobalSection(ExtensibilityGlobals) = postSolution
		SolutionGuid = {1ECCB13A-5066-4AFA-B54C-9B8652108519}
	EndGlobalSection
EndGlobal
